
Microsoft Visual Studio Solution File, Format Version 12.00
# Visual Studio Version 16
VisualStudioVersion = 16.0.31829.152
MinimumVisualStudioVersion = 10.0.40219.1
Project("{F184B08F-C81C-45F6-A57F-5ABD9991F28F}") = "Friend List", "Friend List.vbproj", "{3B05E414-757A-4C37-9AE2-70E751011380}"
EndProject
Global
	GlobalSection(SolutionConfigurationPlatforms) = preSolution
		Debug|Any CPU = Debug|Any CPU
		Release|Any CPU = Release|Any CPU
	EndGlobalSection
	GlobalSection(ProjectConfigurationPlatforms) = postSolution
		{3B05E414-757A-4C37-9AE2-70E751011380}.Debug|Any CPU.ActiveCfg = Debug|Any CPU
		{3B05E414-757A-4C37-9AE2-70E751011380}.Debug|Any CPU.Build.0 = Debug|Any CPU
		{3B05E414-757A-4C37-9AE2-70E751011380}.Release|Any CPU.ActiveCfg = Release|Any CPU
		{3B05E414-757A-4C37-9AE2-70E751011380}.Release|Any CPU.Build.0 = Release|Any CPU
	EndGlobalSection
	GlobalSection(SolutionProperties) = preSolution
		HideSolutionNode = FALSE
	EndGlobalSection
	GlobalSection(ExtensibilityGlobals) = postSolution
		SolutionGuid = {C9BF9737-0CF6-44A1-BEF5-D9417E77006D}
	EndGlobalSection
EndGlobal
